
Microsoft Visual Studio Solution File, Format Version 12.00
# Visual Studio 2015
Project("{FAE04EC0-301F-11D3-BF4B-00C04F79EFBC}") = "ProjectMysteryMine.CSharp.Plugins", "ProjectMysteryMine.CSharp.Plugins.csproj", "{2B39B865-DB6C-CBD3-F22B-F2F3F698A391}"
EndProject
Project("{FAE04EC0-301F-11D3-BF4B-00C04F79EFBC}") = "ProjectMysteryMine.CSharp", "ProjectMysteryMine.CSharp.csproj", "{E65D098A-E8A2-446D-273B-B52CBAA0C6C2}"
EndProject
Project("{FAE04EC0-301F-11D3-BF4B-00C04F79EFBC}") = "ProjectMysteryMine.CSharp.Editor", "ProjectMysteryMine.CSharp.Editor.csproj", "{E49C9A00-77FB-DC11-3075-8A5FFD9B7D20}"
EndProject
Global
	GlobalSection(SolutionConfigurationPlatforms) = preSolution
		Debug|Any CPU = Debug|Any CPU
		Release|Any CPU = Release|Any CPU
	EndGlobalSection
	GlobalSection(ProjectConfigurationPlatforms) = postSolution
		{2B39B865-DB6C-CBD3-F22B-F2F3F698A391}.Debug|Any CPU.ActiveCfg = Debug|Any CPU
		{2B39B865-DB6C-CBD3-F22B-F2F3F698A391}.Debug|Any CPU.Build.0 = Debug|Any CPU
		{2B39B865-DB6C-CBD3-F22B-F2F3F698A391}.Release|Any CPU.ActiveCfg = Release|Any CPU
		{2B39B865-DB6C-CBD3-F22B-F2F3F698A391}.Release|Any CPU.Build.0 = Release|Any CPU
		{E65D098A-E8A2-446D-273B-B52CBAA0C6C2}.Debug|Any CPU.ActiveCfg = Debug|Any CPU
		{E65D098A-E8A2-446D-273B-B52CBAA0C6C2}.Debug|Any CPU.Build.0 = Debug|Any CPU
		{E65D098A-E8A2-446D-273B-B52CBAA0C6C2}.Release|Any CPU.ActiveCfg = Release|Any CPU
		{E65D098A-E8A2-446D-273B-B52CBAA0C6C2}.Release|Any CPU.Build.0 = Release|Any CPU
		{E49C9A00-77FB-DC11-3075-8A5FFD9B7D20}.Debug|Any CPU.ActiveCfg = Debug|Any CPU
		{E49C9A00-77FB-DC11-3075-8A5FFD9B7D20}.Debug|Any CPU.Build.0 = Debug|Any CPU
		{E49C9A00-77FB-DC11-3075-8A5FFD9B7D20}.Release|Any CPU.ActiveCfg = Release|Any CPU
		{E49C9A00-77FB-DC11-3075-8A5FFD9B7D20}.Release|Any CPU.Build.0 = Release|Any CPU
	EndGlobalSection
	GlobalSection(SolutionProperties) = preSolution
		HideSolutionNode = FALSE
	EndGlobalSection
EndGlobal
